
Microsoft Visual Studio Solution File, Format Version 12.00
# Visual Studio 15
VisualStudioVersion = 15.0.28307.1267
MinimumVisualStudioVersion = 10.0.40219.1
Project("{FAE04EC0-301F-11D3-BF4B-00C04F79EFBC}") = "PracticaVI", "PracticaVI\PracticaVI.csproj", "{BCCC19C7-93EA-4F7E-B2ED-3EA4500AA4FE}"
EndProject
Global
	GlobalSection(SolutionConfigurationPlatforms) = preSolution
		Debug|Any CPU = Debug|Any CPU
		Release|Any CPU = Release|Any CPU
	EndGlobalSection
	GlobalSection(ProjectConfigurationPlatforms) = postSolution
		{BCCC19C7-93EA-4F7E-B2ED-3EA4500AA4FE}.Debug|Any CPU.ActiveCfg = Debug|Any CPU
		{BCCC19C7-93EA-4F7E-B2ED-3EA4500AA4FE}.Debug|Any CPU.Build.0 = Debug|Any CPU
		{BCCC19C7-93EA-4F7E-B2ED-3EA4500AA4FE}.Release|Any CPU.ActiveCfg = Release|Any CPU
		{BCCC19C7-93EA-4F7E-B2ED-3EA4500AA4FE}.Release|Any CPU.Build.0 = Release|Any CPU
	EndGlobalSection
	GlobalSection(SolutionProperties) = preSolution
		HideSolutionNode = FALSE
	EndGlobalSection
	GlobalSection(ExtensibilityGlobals) = postSolution
		SolutionGuid = {7164C86A-198A-403A-88E0-EB3FAFEAC286}
	EndGlobalSection
EndGlobal
